{
  "name": "dip-runtime",
  "version": "1.0.0",
  "lockfileVersion": 3,
  "requires": true,
  "packages": {
    "": {
      "name": "dip-runtime",
      "version": "1.0.0",
      "license": "ISC",
      "dependencies": {
        "dip-core": "file:../dip-core"
      }
    },
    "../dip-core": {
      "version": "1.0.0"
    },
    "node_modules/dip-core": {
      "resolved": "../dip-core",
      "link": true
    }
  }
}
